
Microsoft Visual Studio Solution File, Format Version 12.00
# Visual Studio Version 17
VisualStudioVersion = 17.11.35219.272
MinimumVisualStudioVersion = 10.0.40219.1
Project("{FAE04EC0-301F-11D3-BF4B-00C04F79EFBC}") = "Exercise 3", "Exercise 3\Exercise 3.csproj", "{FC24426E-2BF6-4F89-9733-06AAE7B1D261}"
EndProject
Global
	GlobalSection(SolutionConfigurationPlatforms) = preSolution
		Debug|Any CPU = Debug|Any CPU
		Release|Any CPU = Release|Any CPU
	EndGlobalSection
	GlobalSection(ProjectConfigurationPlatforms) = postSolution
		{FC24426E-2BF6-4F89-9733-06AAE7B1D261}.Debug|Any CPU.ActiveCfg = Debug|Any CPU
		{FC24426E-2BF6-4F89-9733-06AAE7B1D261}.Debug|Any CPU.Build.0 = Debug|Any CPU
		{FC24426E-2BF6-4F89-9733-06AAE7B1D261}.Release|Any CPU.ActiveCfg = Release|Any CPU
		{FC24426E-2BF6-4F89-9733-06AAE7B1D261}.Release|Any CPU.Build.0 = Release|Any CPU
	EndGlobalSection
	GlobalSection(SolutionProperties) = preSolution
		HideSolutionNode = FALSE
	EndGlobalSection
	GlobalSection(ExtensibilityGlobals) = postSolution
		SolutionGuid = {B2E75887-8283-4BD9-A49B-36BA3D3A39BD}
	EndGlobalSection
EndGlobal
